
Microsoft Visual Studio Solution File, Format Version 12.00
# Visual Studio Version 16
VisualStudioVersion = 16.0.33214.272
MinimumVisualStudioVersion = 10.0.40219.1
Project("{FAE04EC0-301F-11D3-BF4B-00C04F79EFBC}") = "pract13 forms", "pract13 forms\pract13 forms.csproj", "{0E92E7F1-DABB-4F3B-AABD-6CB17F093C4B}"
EndProject
Global
	GlobalSection(SolutionConfigurationPlatforms) = preSolution
		Debug|Any CPU = Debug|Any CPU
		Release|Any CPU = Release|Any CPU
	EndGlobalSection
	GlobalSection(ProjectConfigurationPlatforms) = postSolution
		{0E92E7F1-DABB-4F3B-AABD-6CB17F093C4B}.Debug|Any CPU.ActiveCfg = Debug|Any CPU
		{0E92E7F1-DABB-4F3B-AABD-6CB17F093C4B}.Debug|Any CPU.Build.0 = Debug|Any CPU
		{0E92E7F1-DABB-4F3B-AABD-6CB17F093C4B}.Release|Any CPU.ActiveCfg = Release|Any CPU
		{0E92E7F1-DABB-4F3B-AABD-6CB17F093C4B}.Release|Any CPU.Build.0 = Release|Any CPU
	EndGlobalSection
	GlobalSection(SolutionProperties) = preSolution
		HideSolutionNode = FALSE
	EndGlobalSection
	GlobalSection(ExtensibilityGlobals) = postSolution
		SolutionGuid = {1CFA31B2-81B0-4031-8478-75777248676C}
	EndGlobalSection
EndGlobal
